
Microsoft Visual Studio Solution File, Format Version 12.00
# Visual Studio Version 17
VisualStudioVersion = 17.5.33530.505
MinimumVisualStudioVersion = 10.0.40219.1
Project("{9A19103F-16F7-4668-BE54-9A1E7A4F7556}") = "ArrendadoraM", "ArrendadoraM.csproj", "{CF1207EB-6311-4C76-9040-0FF1BB24B1C7}"
EndProject
Global
	GlobalSection(SolutionConfigurationPlatforms) = preSolution
		Debug|Any CPU = Debug|Any CPU
		Release|Any CPU = Release|Any CPU
	EndGlobalSection
	GlobalSection(ProjectConfigurationPlatforms) = postSolution
		{CF1207EB-6311-4C76-9040-0FF1BB24B1C7}.Debug|Any CPU.ActiveCfg = Debug|Any CPU
		{CF1207EB-6311-4C76-9040-0FF1BB24B1C7}.Debug|Any CPU.Build.0 = Debug|Any CPU
		{CF1207EB-6311-4C76-9040-0FF1BB24B1C7}.Release|Any CPU.ActiveCfg = Release|Any CPU
		{CF1207EB-6311-4C76-9040-0FF1BB24B1C7}.Release|Any CPU.Build.0 = Release|Any CPU
	EndGlobalSection
	GlobalSection(SolutionProperties) = preSolution
		HideSolutionNode = FALSE
	EndGlobalSection
	GlobalSection(ExtensibilityGlobals) = postSolution
		SolutionGuid = {52A7F62E-D0FE-4342-A8AA-8023FD377770}
	EndGlobalSection
EndGlobal
